// !$*UTF8*$!
{
	archiveVersion = 1;
	classes = {
	};
	objectVersion = 55;
	objects = {

/* Begin PBXBuildFile section */
		09AA2F30CBE4544AB9E2E66F /* DSTabs.swift in Sources */ = {isa = PBXBuildFile; fileRef = EF67F6D3896ABFA5DDC06BB0 /* DSTabs.swift */; };
		0A7E41703BE5E0AA9832B7C0 /* DSProgress.swift in Sources */ = {isa = PBXBuildFile; fileRef = E1C0357D584275C472B12486 /* DSProgress.swift */; };
		0AB8549C96295B7F96AF0900 /* DSList.swift in Sources */ = {isa = PBXBuildFile; fileRef = 2F5C09040A74D3932E5BCBD5 /* DSList.swift */; };
		0F69DC7CD40139C24C4599D4 /* DSAlert.swift in Sources */ = {isa = PBXBuildFile; fileRef = 8D702D16822D996A86A710DA /* DSAlert.swift */; };
		192206EF2CE9E7C2A06C7EDF /* DSSpacing.swift in Sources */ = {isa = PBXBuildFile; fileRef = 0EBB14F08C53E94368BFDFB9 /* DSSpacing.swift */; };
		1EE4A5789CD0C5AC474760DA /* DSTooltip.swift in Sources */ = {isa = PBXBuildFile; fileRef = C30EA7C909C100839D37FC1E /* DSTooltip.swift */; };
		2470DA6127D13669D918E403 /* DSImage.swift in Sources */ = {isa = PBXBuildFile; fileRef = 3E168B1055BAB00375B22E9F /* DSImage.swift */; };
		48DF08835636CD716ACD6F91 /* DSBottomSheet.swift in Sources */ = {isa = PBXBuildFile; fileRef = C154D0DA2E27CE00D2311A69 /* DSBottomSheet.swift */; };
		4C0725A7C8E82EE885AE3742 /* DSModal.swift in Sources */ = {isa = PBXBuildFile; fileRef = E9F2DD31A3E56EC6E5508137 /* DSModal.swift */; };
		4C24F9836713DF60894867D6 /* DSButton.swift in Sources */ = {isa = PBXBuildFile; fileRef = 36C76B3CC1152AA188B28A48 /* DSButton.swift */; };
		4FEDE9CAA63E2A03B9813BA7 /* DSTextField.swift in Sources */ = {isa = PBXBuildFile; fileRef = 81712BFAB64D40CFDC3D5E24 /* DSTextField.swift */; };
		71E138BEC2885D442374008A /* DSBadge.swift in Sources */ = {isa = PBXBuildFile; fileRef = DD5460919D7A277868C21DEC /* DSBadge.swift */; };
		86245759284B2428BBC69990 /* DSToggles.swift in Sources */ = {isa = PBXBuildFile; fileRef = 40BA941DE44762A6B7A1A2EA /* DSToggles.swift */; };
		A68451EE2D7B77D0EFB6FFBA /* Color.xcassets in Resources */ = {isa = PBXBuildFile; fileRef = 4FF05EB6E0715A572960E94C /* Color.xcassets */; };
		AC4B2BC9A4D8743C11505F52 /* DSDivider.swift in Sources */ = {isa = PBXBuildFile; fileRef = BF9BEA1578A7AF24663028BE /* DSDivider.swift */; };
		BC79021A6894AAA8EB39B97B /* DSTypography.swift in Sources */ = {isa = PBXBuildFile; fileRef = 6949029E48C20E09C960A562 /* DSTypography.swift */; };
		BD1EB01CC6662CDC45CF25EB /* DSToast.swift in Sources */ = {isa = PBXBuildFile; fileRef = 8609F2BC144BF97F057C6CE0 /* DSToast.swift */; };
		C0DE839B0D76FF917A5D3D35 /* DSColor.swift in Sources */ = {isa = PBXBuildFile; fileRef = 5E4D7E985601A58A9D11DB8A /* DSColor.swift */; };
		C2820F43790580250B9199A1 /* DSSelect.swift in Sources */ = {isa = PBXBuildFile; fileRef = 6E8B10FE07DD69D671FC7D46 /* DSSelect.swift */; };
		E22D18644E1C46196AEF8069 /* DSAvatar.swift in Sources */ = {isa = PBXBuildFile; fileRef = 3ED4061D8BAB52003569F173 /* DSAvatar.swift */; };
		F6018B5F7748E322214C52D6 /* TuistBundle+DesignSystem.swift in Sources */ = {isa = PBXBuildFile; fileRef = BE4AD9735556ECA8C8008FEC /* TuistBundle+DesignSystem.swift */; };
/* End PBXBuildFile section */

/* Begin PBXContainerItemProxy section */
		4A4956649CBDCC6BF0221AD1 /* PBXContainerItemProxy */ = {
			isa = PBXContainerItemProxy;
			containerPortal = F639F9585E77B0BBBB642E14 /* Project object */;
			proxyType = 1;
			remoteGlobalIDString = C777EA7684CF3B97BE76C38C;
			remoteInfo = DesignSystem_DesignSystem;
		};
/* End PBXContainerItemProxy section */

/* Begin PBXCopyFilesBuildPhase section */
		3FBA6A1C0FF2C099107F7C40 /* Embed Frameworks */ = {
			isa = PBXCopyFilesBuildPhase;
			buildActionMask = 2147483647;
			dstPath = "";
			dstSubfolderSpec = 10;
			files = (
			);
			name = "Embed Frameworks";
			runOnlyForDeploymentPostprocessing = 0;
		};
		49C4A8593835DDF36FBC2A05 /* Embed Frameworks */ = {
			isa = PBXCopyFilesBuildPhase;
			buildActionMask = 2147483647;
			dstPath = "";
			dstSubfolderSpec = 10;
			files = (
			);
			name = "Embed Frameworks";
			runOnlyForDeploymentPostprocessing = 0;
		};
/* End PBXCopyFilesBuildPhase section */

/* Begin PBXFileReference section */
		0EBB14F08C53E94368BFDFB9 /* DSSpacing.swift */ = {isa = PBXFileReference; lastKnownFileType = sourcecode.swift; path = DSSpacing.swift; sourceTree = "<group>"; };
		2F5C09040A74D3932E5BCBD5 /* DSList.swift */ = {isa = PBXFileReference; lastKnownFileType = sourcecode.swift; path = DSList.swift; sourceTree = "<group>"; };
		36C76B3CC1152AA188B28A48 /* DSButton.swift */ = {isa = PBXFileReference; lastKnownFileType = sourcecode.swift; path = DSButton.swift; sourceTree = "<group>"; };
		3E168B1055BAB00375B22E9F /* DSImage.swift */ = {isa = PBXFileReference; lastKnownFileType = sourcecode.swift; path = DSImage.swift; sourceTree = "<group>"; };
		3ED4061D8BAB52003569F173 /* DSAvatar.swift */ = {isa = PBXFileReference; lastKnownFileType = sourcecode.swift; path = DSAvatar.swift; sourceTree = "<group>"; };
		40BA941DE44762A6B7A1A2EA /* DSToggles.swift */ = {isa = PBXFileReference; lastKnownFileType = sourcecode.swift; path = DSToggles.swift; sourceTree = "<group>"; };
		42D7C40704F4FCBCDB855667 /* DesignSystem_DesignSystem.bundle */ = {isa = PBXFileReference; explicitFileType = wrapper.cfbundle; includeInIndex = 0; path = DesignSystem_DesignSystem.bundle; sourceTree = BUILT_PRODUCTS_DIR; };
		4FF05EB6E0715A572960E94C /* Color.xcassets */ = {isa = PBXFileReference; lastKnownFileType = folder.assetcatalog; path = Color.xcassets; sourceTree = "<group>"; };
		5E4D7E985601A58A9D11DB8A /* DSColor.swift */ = {isa = PBXFileReference; lastKnownFileType = sourcecode.swift; path = DSColor.swift; sourceTree = "<group>"; };
		6949029E48C20E09C960A562 /* DSTypography.swift */ = {isa = PBXFileReference; lastKnownFileType = sourcecode.swift; path = DSTypography.swift; sourceTree = "<group>"; };
		69B7BBEAD5472C7195924AC8 /* DesignSystem.framework */ = {isa = PBXFileReference; explicitFileType = wrapper.framework; includeInIndex = 0; path = DesignSystem.framework; sourceTree = BUILT_PRODUCTS_DIR; };
		6E8B10FE07DD69D671FC7D46 /* DSSelect.swift */ = {isa = PBXFileReference; lastKnownFileType = sourcecode.swift; path = DSSelect.swift; sourceTree = "<group>"; };
		81712BFAB64D40CFDC3D5E24 /* DSTextField.swift */ = {isa = PBXFileReference; lastKnownFileType = sourcecode.swift; path = DSTextField.swift; sourceTree = "<group>"; };
		8609F2BC144BF97F057C6CE0 /* DSToast.swift */ = {isa = PBXFileReference; lastKnownFileType = sourcecode.swift; path = DSToast.swift; sourceTree = "<group>"; };
		8937FA9427EEA938B58C5B3E /* DesignSystem-Info.plist */ = {isa = PBXFileReference; lastKnownFileType = text.plist; path = "DesignSystem-Info.plist"; sourceTree = "<group>"; };
		8D702D16822D996A86A710DA /* DSAlert.swift */ = {isa = PBXFileReference; lastKnownFileType = sourcecode.swift; path = DSAlert.swift; sourceTree = "<group>"; };
		BE4AD9735556ECA8C8008FEC /* TuistBundle+DesignSystem.swift */ = {isa = PBXFileReference; lastKnownFileType = sourcecode.swift; path = "TuistBundle+DesignSystem.swift"; sourceTree = "<group>"; };
		BF9BEA1578A7AF24663028BE /* DSDivider.swift */ = {isa = PBXFileReference; lastKnownFileType = sourcecode.swift; path = DSDivider.swift; sourceTree = "<group>"; };
		C154D0DA2E27CE00D2311A69 /* DSBottomSheet.swift */ = {isa = PBXFileReference; lastKnownFileType = sourcecode.swift; path = DSBottomSheet.swift; sourceTree = "<group>"; };
		C30EA7C909C100839D37FC1E /* DSTooltip.swift */ = {isa = PBXFileReference; lastKnownFileType = sourcecode.swift; path = DSTooltip.swift; sourceTree = "<group>"; };
		DD5460919D7A277868C21DEC /* DSBadge.swift */ = {isa = PBXFileReference; lastKnownFileType = sourcecode.swift; path = DSBadge.swift; sourceTree = "<group>"; };
		DDA12AD00E98A3497D3A729E /* DesignSystem_DesignSystem-Info.plist */ = {isa = PBXFileReference; lastKnownFileType = text.plist; path = "DesignSystem_DesignSystem-Info.plist"; sourceTree = "<group>"; };
		E1C0357D584275C472B12486 /* DSProgress.swift */ = {isa = PBXFileReference; lastKnownFileType = sourcecode.swift; path = DSProgress.swift; sourceTree = "<group>"; };
		E9F2DD31A3E56EC6E5508137 /* DSModal.swift */ = {isa = PBXFileReference; lastKnownFileType = sourcecode.swift; path = DSModal.swift; sourceTree = "<group>"; };
		EF67F6D3896ABFA5DDC06BB0 /* DSTabs.swift */ = {isa = PBXFileReference; lastKnownFileType = sourcecode.swift; path = DSTabs.swift; sourceTree = "<group>"; };
/* End PBXFileReference section */

/* Begin PBXFrameworksBuildPhase section */
		1964AC1CF76FA8EBDF2A15A1 /* Frameworks */ = {
			isa = PBXFrameworksBuildPhase;
			buildActionMask = 2147483647;
			files = (
			);
			runOnlyForDeploymentPostprocessing = 0;
		};
		21D2E38EFDFDB350406F7982 /* Frameworks */ = {
			isa = PBXFrameworksBuildPhase;
			buildActionMask = 2147483647;
			files = (
			);
			runOnlyForDeploymentPostprocessing = 0;
		};
/* End PBXFrameworksBuildPhase section */

/* Begin PBXGroup section */
		01D35CCCB3188A49A9D86010 /* Spacing */ = {
			isa = PBXGroup;
			children = (
				0EBB14F08C53E94368BFDFB9 /* DSSpacing.swift */,
			);
			path = Spacing;
			sourceTree = "<group>";
		};
		07D6EFB1BF1312C26ED29CCB /* Foundation */ = {
			isa = PBXGroup;
			children = (
				EB5C758BCA2169F386528371 /* Image */,
				01D35CCCB3188A49A9D86010 /* Spacing */,
				0F1BC630D9AD02DFD825332F /* Typography */,
			);
			path = Foundation;
			sourceTree = "<group>";
		};
		0E1288659896D0CFF98DA5AA /* Sources */ = {
			isa = PBXGroup;
			children = (
				AAB087E98A6EDF43BBBC6AB1 /* DesignSystem */,
			);
			path = Sources;
			sourceTree = "<group>";
		};
		0F1BC630D9AD02DFD825332F /* Typography */ = {
			isa = PBXGroup;
			children = (
				6949029E48C20E09C960A562 /* DSTypography.swift */,
			);
			path = Typography;
			sourceTree = "<group>";
		};
		22EB37CEA50094E6341F9986 /* Navigation */ = {
			isa = PBXGroup;
			children = (
				C154D0DA2E27CE00D2311A69 /* DSBottomSheet.swift */,
				BF9BEA1578A7AF24663028BE /* DSDivider.swift */,
				2F5C09040A74D3932E5BCBD5 /* DSList.swift */,
				E9F2DD31A3E56EC6E5508137 /* DSModal.swift */,
				EF67F6D3896ABFA5DDC06BB0 /* DSTabs.swift */,
			);
			path = Navigation;
			sourceTree = "<group>";
		};
		238886BC40C4ED52289D8C35 /* Color */ = {
			isa = PBXGroup;
			children = (
				5E4D7E985601A58A9D11DB8A /* DSColor.swift */,
			);
			path = Color;
			sourceTree = "<group>";
		};
		2BB59E843B58BD9FFF395FEA /* Project */ = {
			isa = PBXGroup;
			children = (
				8753C5EB21B15584438290E8 /* Derived */,
				0E1288659896D0CFF98DA5AA /* Sources */,
			);
			name = Project;
			sourceTree = "<group>";
		};
		2C4FBBB477B830C435459AE1 /* Button */ = {
			isa = PBXGroup;
			children = (
				36C76B3CC1152AA188B28A48 /* DSButton.swift */,
			);
			path = Button;
			sourceTree = "<group>";
		};
		64DCCAA969B7330ED29A0041 /* Components */ = {
			isa = PBXGroup;
			children = (
				2C4FBBB477B830C435459AE1 /* Button */,
				CC87DCBD20C614B069AF68A1 /* Display */,
				B3C476E131848C6583187641 /* Feedback */,
				AB0915A4DA32764D81FD821C /* Input */,
				22EB37CEA50094E6341F9986 /* Navigation */,
				C5642BC8B34E8D683D104C49 /* Select */,
				8B264D874AC720920BB4A26E /* Toggle */,
			);
			path = Components;
			sourceTree = "<group>";
		};
		82664F67710540CBDEBE5B11 /* Products */ = {
			isa = PBXGroup;
			children = (
				42D7C40704F4FCBCDB855667 /* DesignSystem_DesignSystem.bundle */,
				69B7BBEAD5472C7195924AC8 /* DesignSystem.framework */,
			);
			name = Products;
			sourceTree = "<group>";
		};
		8753C5EB21B15584438290E8 /* Derived */ = {
			isa = PBXGroup;
			children = (
				F2F0D6EECE384EBEC3AFDEB4 /* InfoPlists */,
				D5FD3537E28AE857DC09D214 /* Sources */,
			);
			path = Derived;
			sourceTree = "<group>";
		};
		8B264D874AC720920BB4A26E /* Toggle */ = {
			isa = PBXGroup;
			children = (
				40BA941DE44762A6B7A1A2EA /* DSToggles.swift */,
			);
			path = Toggle;
			sourceTree = "<group>";
		};
		AAB087E98A6EDF43BBBC6AB1 /* DesignSystem */ = {
			isa = PBXGroup;
			children = (
				238886BC40C4ED52289D8C35 /* Color */,
				64DCCAA969B7330ED29A0041 /* Components */,
				07D6EFB1BF1312C26ED29CCB /* Foundation */,
				E188A934756F825D89DAFCCC /* Resources */,
			);
			path = DesignSystem;
			sourceTree = "<group>";
		};
		AB0915A4DA32764D81FD821C /* Input */ = {
			isa = PBXGroup;
			children = (
				81712BFAB64D40CFDC3D5E24 /* DSTextField.swift */,
			);
			path = Input;
			sourceTree = "<group>";
		};
		B3C476E131848C6583187641 /* Feedback */ = {
			isa = PBXGroup;
			children = (
				8D702D16822D996A86A710DA /* DSAlert.swift */,
				E1C0357D584275C472B12486 /* DSProgress.swift */,
				8609F2BC144BF97F057C6CE0 /* DSToast.swift */,
				C30EA7C909C100839D37FC1E /* DSTooltip.swift */,
			);
			path = Feedback;
			sourceTree = "<group>";
		};
		C5642BC8B34E8D683D104C49 /* Select */ = {
			isa = PBXGroup;
			children = (
				6E8B10FE07DD69D671FC7D46 /* DSSelect.swift */,
			);
			path = Select;
			sourceTree = "<group>";
		};
		CC87DCBD20C614B069AF68A1 /* Display */ = {
			isa = PBXGroup;
			children = (
				3ED4061D8BAB52003569F173 /* DSAvatar.swift */,
				DD5460919D7A277868C21DEC /* DSBadge.swift */,
			);
			path = Display;
			sourceTree = "<group>";
		};
		D5FD3537E28AE857DC09D214 /* Sources */ = {
			isa = PBXGroup;
			children = (
				BE4AD9735556ECA8C8008FEC /* TuistBundle+DesignSystem.swift */,
			);
			path = Sources;
			sourceTree = "<group>";
		};
		E188A934756F825D89DAFCCC /* Resources */ = {
			isa = PBXGroup;
			children = (
				4FF05EB6E0715A572960E94C /* Color.xcassets */,
			);
			path = Resources;
			sourceTree = "<group>";
		};
		EB5C758BCA2169F386528371 /* Image */ = {
			isa = PBXGroup;
			children = (
				3E168B1055BAB00375B22E9F /* DSImage.swift */,
			);
			path = Image;
			sourceTree = "<group>";
		};
		EC9821EEC8CC800276475F6C = {
			isa = PBXGroup;
			children = (
				82664F67710540CBDEBE5B11 /* Products */,
				2BB59E843B58BD9FFF395FEA /* Project */,
			);
			sourceTree = "<group>";
		};
		F2F0D6EECE384EBEC3AFDEB4 /* InfoPlists */ = {
			isa = PBXGroup;
			children = (
				DDA12AD00E98A3497D3A729E /* DesignSystem_DesignSystem-Info.plist */,
				8937FA9427EEA938B58C5B3E /* DesignSystem-Info.plist */,
			);
			path = InfoPlists;
			sourceTree = "<group>";
		};
/* End PBXGroup section */

/* Begin PBXNativeTarget section */
		83C9B5D1938C22907FF6E247 /* DesignSystem */ = {
			isa = PBXNativeTarget;
			buildConfigurationList = FDE90610E9DF3345CFC83326 /* Build configuration list for PBXNativeTarget "DesignSystem" */;
			buildPhases = (
				BA6DF36C53063F00B80115EA /* Sources */,
				510D3A5EADC65A3BE366D353 /* Resources */,
				21D2E38EFDFDB350406F7982 /* Frameworks */,
				49C4A8593835DDF36FBC2A05 /* Embed Frameworks */,
			);
			buildRules = (
			);
			dependencies = (
				5EE60265510B17C28AE5EBA4 /* PBXTargetDependency */,
			);
			name = DesignSystem;
			packageProductDependencies = (
			);
			productName = DesignSystem;
			productReference = 69B7BBEAD5472C7195924AC8 /* DesignSystem.framework */;
			productType = "com.apple.product-type.framework";
		};
		C777EA7684CF3B97BE76C38C /* DesignSystem_DesignSystem */ = {
			isa = PBXNativeTarget;
			buildConfigurationList = 05AE9C11574FFE2195EAFA90 /* Build configuration list for PBXNativeTarget "DesignSystem_DesignSystem" */;
			buildPhases = (
				97B9A85DB0C77866043716C8 /* Sources */,
				B43C3DC03910608BAD041023 /* Resources */,
				1964AC1CF76FA8EBDF2A15A1 /* Frameworks */,
				3FBA6A1C0FF2C099107F7C40 /* Embed Frameworks */,
			);
			buildRules = (
			);
			dependencies = (
			);
			name = DesignSystem_DesignSystem;
			packageProductDependencies = (
			);
			productName = DesignSystem_DesignSystem;
			productReference = 42D7C40704F4FCBCDB855667 /* DesignSystem_DesignSystem.bundle */;
			productType = "com.apple.product-type.bundle";
		};
/* End PBXNativeTarget section */

/* Begin PBXProject section */
		F639F9585E77B0BBBB642E14 /* Project object */ = {
			isa = PBXProject;
			attributes = {
				BuildIndependentTargetsInParallel = YES;
				LastUpgradeCheck = 9999;
				TargetAttributes = {
				};
			};
			buildConfigurationList = 5C0CBBA2BFE0CEE21375AF0A /* Build configuration list for PBXProject "DesignSystem" */;
			compatibilityVersion = "Xcode 14.0";
			developmentRegion = en;
			hasScannedForEncodings = 0;
			knownRegions = (
				Base,
				en,
			);
			mainGroup = EC9821EEC8CC800276475F6C;
			productRefGroup = 82664F67710540CBDEBE5B11 /* Products */;
			projectDirPath = "";
			projectRoot = "";
			targets = (
				83C9B5D1938C22907FF6E247 /* DesignSystem */,
				C777EA7684CF3B97BE76C38C /* DesignSystem_DesignSystem */,
			);
		};
/* End PBXProject section */

/* Begin PBXResourcesBuildPhase section */
		510D3A5EADC65A3BE366D353 /* Resources */ = {
			isa = PBXResourcesBuildPhase;
			buildActionMask = 2147483647;
			files = (
			);
			runOnlyForDeploymentPostprocessing = 0;
		};
		B43C3DC03910608BAD041023 /* Resources */ = {
			isa = PBXResourcesBuildPhase;
			buildActionMask = 2147483647;
			files = (
				A68451EE2D7B77D0EFB6FFBA /* Color.xcassets in Resources */,
			);
			runOnlyForDeploymentPostprocessing = 0;
		};
/* End PBXResourcesBuildPhase section */

/* Begin PBXSourcesBuildPhase section */
		97B9A85DB0C77866043716C8 /* Sources */ = {
			isa = PBXSourcesBuildPhase;
			buildActionMask = 2147483647;
			files = (
			);
			runOnlyForDeploymentPostprocessing = 0;
		};
		BA6DF36C53063F00B80115EA /* Sources */ = {
			isa = PBXSourcesBuildPhase;
			buildActionMask = 2147483647;
			files = (
				F6018B5F7748E322214C52D6 /* TuistBundle+DesignSystem.swift in Sources */,
				C0DE839B0D76FF917A5D3D35 /* DSColor.swift in Sources */,
				4C24F9836713DF60894867D6 /* DSButton.swift in Sources */,
				E22D18644E1C46196AEF8069 /* DSAvatar.swift in Sources */,
				71E138BEC2885D442374008A /* DSBadge.swift in Sources */,
				0F69DC7CD40139C24C4599D4 /* DSAlert.swift in Sources */,
				0A7E41703BE5E0AA9832B7C0 /* DSProgress.swift in Sources */,
				BD1EB01CC6662CDC45CF25EB /* DSToast.swift in Sources */,
				1EE4A5789CD0C5AC474760DA /* DSTooltip.swift in Sources */,
				4FEDE9CAA63E2A03B9813BA7 /* DSTextField.swift in Sources */,
				48DF08835636CD716ACD6F91 /* DSBottomSheet.swift in Sources */,
				AC4B2BC9A4D8743C11505F52 /* DSDivider.swift in Sources */,
				0AB8549C96295B7F96AF0900 /* DSList.swift in Sources */,
				4C0725A7C8E82EE885AE3742 /* DSModal.swift in Sources */,
				09AA2F30CBE4544AB9E2E66F /* DSTabs.swift in Sources */,
				C2820F43790580250B9199A1 /* DSSelect.swift in Sources */,
				86245759284B2428BBC69990 /* DSToggles.swift in Sources */,
				2470DA6127D13669D918E403 /* DSImage.swift in Sources */,
				192206EF2CE9E7C2A06C7EDF /* DSSpacing.swift in Sources */,
				BC79021A6894AAA8EB39B97B /* DSTypography.swift in Sources */,
			);
			runOnlyForDeploymentPostprocessing = 0;
		};
/* End PBXSourcesBuildPhase section */

/* Begin PBXTargetDependency section */
		5EE60265510B17C28AE5EBA4 /* PBXTargetDependency */ = {
			isa = PBXTargetDependency;
			name = DesignSystem_DesignSystem;
			target = C777EA7684CF3B97BE76C38C /* DesignSystem_DesignSystem */;
			targetProxy = 4A4956649CBDCC6BF0221AD1 /* PBXContainerItemProxy */;
		};
/* End PBXTargetDependency section */

/* Begin XCBuildConfiguration section */
		06FE36F5BCD04B71D2901212 /* Debug */ = {
			isa = XCBuildConfiguration;
			buildSettings = {
				CODE_SIGNING_ALLOWED = NO;
				CODE_SIGN_IDENTITY = "iPhone Developer";
				"CODE_SIGN_IDENTITY[sdk=macosx*]" = "-";
				DERIVE_MACCATALYST_PRODUCT_BUNDLE_IDENTIFIER = YES;
				GENERATE_MASTER_OBJECT_FILE = NO;
				INFOPLIST_FILE = "Derived/InfoPlists/DesignSystem_DesignSystem-Info.plist";
				IPHONEOS_DEPLOYMENT_TARGET = 17.0;
				PRODUCT_BUNDLE_IDENTIFIER = DesignSystem.generated.resources;
				PRODUCT_NAME = DesignSystem_DesignSystem;
				SDKROOT = iphoneos;
				SKIP_INSTALL = YES;
				SUPPORTS_MACCATALYST = YES;
				SUPPORTS_MAC_DESIGNED_FOR_IPHONE_IPAD = YES;
				SUPPORTS_XR_DESIGNED_FOR_IPHONE_IPAD = YES;
				SWIFT_ACTIVE_COMPILATION_CONDITIONS = (
					"$(inherited)",
					DEBUG,
				);
				SWIFT_COMPILATION_MODE = singlefile;
				SWIFT_OPTIMIZATION_LEVEL = "-Onone";
				SWIFT_VERSION = 5.0;
				TARGETED_DEVICE_FAMILY = "1,2,6";
				VERSIONING_SYSTEM = "";
			};
			name = Debug;
		};
		0C02DEECDC95653FCDD00F9F /* Debug */ = {
			isa = XCBuildConfiguration;
			buildSettings = {
				CODE_SIGN_IDENTITY = "";
				"CODE_SIGN_IDENTITY[sdk=macosx*]" = "-";
				CURRENT_PROJECT_VERSION = 1;
				DEFINES_MODULE = YES;
				DERIVE_MACCATALYST_PRODUCT_BUNDLE_IDENTIFIER = YES;
				DYLIB_COMPATIBILITY_VERSION = 1;
				DYLIB_CURRENT_VERSION = 1;
				DYLIB_INSTALL_NAME_BASE = "@rpath";
				INFOPLIST_FILE = "Derived/InfoPlists/DesignSystem-Info.plist";
				INSTALL_PATH = "$(LOCAL_LIBRARY_DIR)/Frameworks";
				IPHONEOS_DEPLOYMENT_TARGET = 17.0;
				LD_RUNPATH_SEARCH_PATHS = (
					"$(inherited)",
					"@executable_path/Frameworks",
					"@loader_path/Frameworks",
				);
				MACH_O_TYPE = staticlib;
				OTHER_SWIFT_FLAGS = "$(inherited)";
				PRODUCT_BUNDLE_IDENTIFIER = DesignSystem;
				PRODUCT_NAME = DesignSystem;
				SDKROOT = iphoneos;
				SKIP_INSTALL = YES;
				SUPPORTS_MACCATALYST = YES;
				SUPPORTS_MAC_DESIGNED_FOR_IPHONE_IPAD = YES;
				SUPPORTS_XR_DESIGNED_FOR_IPHONE_IPAD = YES;
				SWIFT_ACTIVE_COMPILATION_CONDITIONS = (
					"$(inherited)",
					DEBUG,
				);
				SWIFT_COMPILATION_MODE = singlefile;
				SWIFT_OPTIMIZATION_LEVEL = "-Onone";
				SWIFT_VERSION = 5.0;
				TARGETED_DEVICE_FAMILY = "1,2,6";
				VERSIONING_SYSTEM = "apple-generic";
				VERSION_INFO_PREFIX = "";
			};
			name = Debug;
		};
		52C14854ECC2ED10764A18BC /* Release */ = {
			isa = XCBuildConfiguration;
			buildSettings = {
				CODE_SIGN_IDENTITY = "";
				"CODE_SIGN_IDENTITY[sdk=macosx*]" = "-";
				CURRENT_PROJECT_VERSION = 1;
				DEFINES_MODULE = YES;
				DERIVE_MACCATALYST_PRODUCT_BUNDLE_IDENTIFIER = YES;
				DYLIB_COMPATIBILITY_VERSION = 1;
				DYLIB_CURRENT_VERSION = 1;
				DYLIB_INSTALL_NAME_BASE = "@rpath";
				INFOPLIST_FILE = "Derived/InfoPlists/DesignSystem-Info.plist";
				INSTALL_PATH = "$(LOCAL_LIBRARY_DIR)/Frameworks";
				IPHONEOS_DEPLOYMENT_TARGET = 17.0;
				LD_RUNPATH_SEARCH_PATHS = (
					"$(inherited)",
					"@executable_path/Frameworks",
					"@loader_path/Frameworks",
				);
				MACH_O_TYPE = staticlib;
				OTHER_SWIFT_FLAGS = "$(inherited)";
				PRODUCT_BUNDLE_IDENTIFIER = DesignSystem;
				PRODUCT_NAME = DesignSystem;
				SDKROOT = iphoneos;
				SKIP_INSTALL = YES;
				SUPPORTS_MACCATALYST = YES;
				SUPPORTS_MAC_DESIGNED_FOR_IPHONE_IPAD = YES;
				SUPPORTS_XR_DESIGNED_FOR_IPHONE_IPAD = YES;
				SWIFT_COMPILATION_MODE = wholemodule;
				SWIFT_OPTIMIZATION_LEVEL = "-O";
				SWIFT_VERSION = 5.0;
				TARGETED_DEVICE_FAMILY = "1,2,6";
				VERSIONING_SYSTEM = "apple-generic";
				VERSION_INFO_PREFIX = "";
			};
			name = Release;
		};
		7277DF913F606D69F469518F /* Debug */ = {
			isa = XCBuildConfiguration;
			buildSettings = {
				ALWAYS_SEARCH_USER_PATHS = YES;
				CLANG_ANALYZER_LOCALIZABILITY_NONLOCALIZED = YES;
				CLANG_ANALYZER_NONNULL = YES;
				CLANG_ANALYZER_NUMBER_OBJECT_CONVERSION = YES_AGGRESSIVE;
				CLANG_CXX_LANGUAGE_STANDARD = "gnu++14";
				CLANG_CXX_LIBRARY = "libc++";
				CLANG_ENABLE_MODULES = YES;
				CLANG_ENABLE_OBJC_ARC = YES;
				CLANG_ENABLE_OBJC_WEAK = NO;
				CLANG_WARN_BLOCK_CAPTURE_AUTORELEASING = YES;
				CLANG_WARN_BOOL_CONVERSION = YES;
				CLANG_WARN_COMMA = YES;
				CLANG_WARN_CONSTANT_CONVERSION = YES;
				CLANG_WARN_DEPRECATED_OBJC_IMPLEMENTATIONS = YES;
				CLANG_WARN_DIRECT_OBJC_ISA_USAGE = YES_ERROR;
				CLANG_WARN_DOCUMENTATION_COMMENTS = YES;
				CLANG_WARN_EMPTY_BODY = YES;
				CLANG_WARN_ENUM_CONVERSION = YES;
				CLANG_WARN_INFINITE_RECURSION = YES;
				CLANG_WARN_INT_CONVERSION = YES;
				CLANG_WARN_NON_LITERAL_NULL_CONVERSION = YES;
				CLANG_WARN_OBJC_IMPLICIT_RETAIN_SELF = YES;
				CLANG_WARN_OBJC_LITERAL_CONVERSION = YES;
				CLANG_WARN_OBJC_ROOT_CLASS = YES_ERROR;
				CLANG_WARN_QUOTED_INCLUDE_IN_FRAMEWORK_HEADER = NO;
				CLANG_WARN_RANGE_LOOP_ANALYSIS = YES;
				CLANG_WARN_STRICT_PROTOTYPES = YES;
				CLANG_WARN_SUSPICIOUS_MOVE = YES;
				CLANG_WARN_UNGUARDED_AVAILABILITY = YES_AGGRESSIVE;
				CLANG_WARN_UNREACHABLE_CODE = YES;
				CLANG_WARN__DUPLICATE_METHOD_MATCH = YES;
				COPY_PHASE_STRIP = NO;
				DEAD_CODE_STRIPPING = YES;
				DEBUG_INFORMATION_FORMAT = dwarf;
				ENABLE_STRICT_OBJC_MSGSEND = NO;
				ENABLE_TESTABILITY = YES;
				FRAMEWORK_SEARCH_PATHS = (
					"$(inherited)",
					"$(PLATFORM_DIR)/Developer/Library/Frameworks",
				);
				GCC_C_LANGUAGE_STANDARD = gnu11;
				GCC_DYNAMIC_NO_PIC = NO;
				GCC_NO_COMMON_BLOCKS = NO;
				GCC_OPTIMIZATION_LEVEL = 0;
				GCC_PREPROCESSOR_DEFINITIONS = (
					"$(inherited)",
					"DEBUG=1",
					"SWIFT_PACKAGE=1",
				);
				GCC_WARN_64_TO_32_BIT_CONVERSION = YES;
				GCC_WARN_ABOUT_RETURN_TYPE = YES_ERROR;
				GCC_WARN_INHIBIT_ALL_WARNINGS = YES;
				GCC_WARN_UNDECLARED_SELECTOR = YES;
				GCC_WARN_UNINITIALIZED_AUTOS = YES_AGGRESSIVE;
				GCC_WARN_UNUSED_FUNCTION = YES;
				GCC_WARN_UNUSED_VARIABLE = YES;
				MTL_ENABLE_DEBUG_INFO = YES;
				ONLY_ACTIVE_ARCH = YES;
				OTHER_SWIFT_FLAGS = (
					"$(inherited)",
					"-package-name",
					DesignSystem,
				);
				PRODUCT_NAME = "$(TARGET_NAME)";
				SWIFT_ACTIVE_COMPILATION_CONDITIONS = (
					"$(inherited)",
					SWIFT_PACKAGE,
				);
				SWIFT_SUPPRESS_WARNINGS = YES;
				USE_HEADERMAP = NO;
			};
			name = Debug;
		};
		85B6B79ADD7A4E7548F316CC /* Release */ = {
			isa = XCBuildConfiguration;
			buildSettings = {
				CODE_SIGNING_ALLOWED = NO;
				CODE_SIGN_IDENTITY = "iPhone Developer";
				"CODE_SIGN_IDENTITY[sdk=macosx*]" = "-";
				DERIVE_MACCATALYST_PRODUCT_BUNDLE_IDENTIFIER = YES;
				GENERATE_MASTER_OBJECT_FILE = NO;
				INFOPLIST_FILE = "Derived/InfoPlists/DesignSystem_DesignSystem-Info.plist";
				IPHONEOS_DEPLOYMENT_TARGET = 17.0;
				PRODUCT_BUNDLE_IDENTIFIER = DesignSystem.generated.resources;
				PRODUCT_NAME = DesignSystem_DesignSystem;
				SDKROOT = iphoneos;
				SKIP_INSTALL = YES;
				SUPPORTS_MACCATALYST = YES;
				SUPPORTS_MAC_DESIGNED_FOR_IPHONE_IPAD = YES;
				SUPPORTS_XR_DESIGNED_FOR_IPHONE_IPAD = YES;
				SWIFT_COMPILATION_MODE = wholemodule;
				SWIFT_OPTIMIZATION_LEVEL = "-O";
				SWIFT_VERSION = 5.0;
				TARGETED_DEVICE_FAMILY = "1,2,6";
				VERSIONING_SYSTEM = "";
			};
			name = Release;
		};
		88DC404DB5E70F332291F97C /* Release */ = {
			isa = XCBuildConfiguration;
			buildSettings = {
				ALWAYS_SEARCH_USER_PATHS = YES;
				CLANG_ANALYZER_LOCALIZABILITY_NONLOCALIZED = YES;
				CLANG_ANALYZER_NONNULL = YES;
				CLANG_ANALYZER_NUMBER_OBJECT_CONVERSION = YES_AGGRESSIVE;
				CLANG_CXX_LANGUAGE_STANDARD = "gnu++14";
				CLANG_CXX_LIBRARY = "libc++";
				CLANG_ENABLE_MODULES = YES;
				CLANG_ENABLE_OBJC_ARC = YES;
				CLANG_ENABLE_OBJC_WEAK = NO;
				CLANG_WARN_BLOCK_CAPTURE_AUTORELEASING = YES;
				CLANG_WARN_BOOL_CONVERSION = YES;
				CLANG_WARN_COMMA = YES;
				CLANG_WARN_CONSTANT_CONVERSION = YES;
				CLANG_WARN_DEPRECATED_OBJC_IMPLEMENTATIONS = YES;
				CLANG_WARN_DIRECT_OBJC_ISA_USAGE = YES_ERROR;
				CLANG_WARN_DOCUMENTATION_COMMENTS = YES;
				CLANG_WARN_EMPTY_BODY = YES;
				CLANG_WARN_ENUM_CONVERSION = YES;
				CLANG_WARN_INFINITE_RECURSION = YES;
				CLANG_WARN_INT_CONVERSION = YES;
				CLANG_WARN_NON_LITERAL_NULL_CONVERSION = YES;
				CLANG_WARN_OBJC_IMPLICIT_RETAIN_SELF = YES;
				CLANG_WARN_OBJC_LITERAL_CONVERSION = YES;
				CLANG_WARN_OBJC_ROOT_CLASS = YES_ERROR;
				CLANG_WARN_QUOTED_INCLUDE_IN_FRAMEWORK_HEADER = NO;
				CLANG_WARN_RANGE_LOOP_ANALYSIS = YES;
				CLANG_WARN_STRICT_PROTOTYPES = YES;
				CLANG_WARN_SUSPICIOUS_MOVE = YES;
				CLANG_WARN_UNGUARDED_AVAILABILITY = YES_AGGRESSIVE;
				CLANG_WARN_UNREACHABLE_CODE = YES;
				CLANG_WARN__DUPLICATE_METHOD_MATCH = YES;
				COPY_PHASE_STRIP = NO;
				DEAD_CODE_STRIPPING = YES;
				DEBUG_INFORMATION_FORMAT = "dwarf-with-dsym";
				ENABLE_NS_ASSERTIONS = NO;
				ENABLE_STRICT_OBJC_MSGSEND = NO;
				FRAMEWORK_SEARCH_PATHS = (
					"$(inherited)",
					"$(PLATFORM_DIR)/Developer/Library/Frameworks",
				);
				GCC_C_LANGUAGE_STANDARD = gnu11;
				GCC_NO_COMMON_BLOCKS = NO;
				GCC_PREPROCESSOR_DEFINITIONS = (
					"$(inherited)",
					"SWIFT_PACKAGE=1",
				);
				GCC_WARN_64_TO_32_BIT_CONVERSION = YES;
				GCC_WARN_ABOUT_RETURN_TYPE = YES_ERROR;
				GCC_WARN_INHIBIT_ALL_WARNINGS = YES;
				GCC_WARN_UNDECLARED_SELECTOR = YES;
				GCC_WARN_UNINITIALIZED_AUTOS = YES_AGGRESSIVE;
				GCC_WARN_UNUSED_FUNCTION = YES;
				GCC_WARN_UNUSED_VARIABLE = YES;
				MTL_ENABLE_DEBUG_INFO = NO;
				OTHER_SWIFT_FLAGS = (
					"$(inherited)",
					"-package-name",
					DesignSystem,
				);
				PRODUCT_NAME = "$(TARGET_NAME)";
				SWIFT_ACTIVE_COMPILATION_CONDITIONS = (
					"$(inherited)",
					SWIFT_PACKAGE,
				);
				SWIFT_SUPPRESS_WARNINGS = YES;
				USE_HEADERMAP = NO;
				VALIDATE_PRODUCT = YES;
			};
			name = Release;
		};
/* End XCBuildConfiguration section */

/* Begin XCConfigurationList section */
		05AE9C11574FFE2195EAFA90 /* Build configuration list for PBXNativeTarget "DesignSystem_DesignSystem" */ = {
			isa = XCConfigurationList;
			buildConfigurations = (
				06FE36F5BCD04B71D2901212 /* Debug */,
				85B6B79ADD7A4E7548F316CC /* Release */,
			);
			defaultConfigurationIsVisible = 0;
			defaultConfigurationName = Release;
		};
		5C0CBBA2BFE0CEE21375AF0A /* Build configuration list for PBXProject "DesignSystem" */ = {
			isa = XCConfigurationList;
			buildConfigurations = (
				7277DF913F606D69F469518F /* Debug */,
				88DC404DB5E70F332291F97C /* Release */,
			);
			defaultConfigurationIsVisible = 0;
			defaultConfigurationName = Release;
		};
		FDE90610E9DF3345CFC83326 /* Build configuration list for PBXNativeTarget "DesignSystem" */ = {
			isa = XCConfigurationList;
			buildConfigurations = (
				0C02DEECDC95653FCDD00F9F /* Debug */,
				52C14854ECC2ED10764A18BC /* Release */,
			);
			defaultConfigurationIsVisible = 0;
			defaultConfigurationName = Release;
		};
/* End XCConfigurationList section */
	};
	rootObject = F639F9585E77B0BBBB642E14 /* Project object */;
}
